
Microsoft Visual Studio Solution File, Format Version 12.00
# Visual Studio Version 17
VisualStudioVersion = 17.6.33815.320
MinimumVisualStudioVersion = 10.0.40219.1
Project("{FAE04EC0-301F-11D3-BF4B-00C04F79EFBC}") = "RestSharpLatest", "RestSharpLatest.csproj", "{D7727898-BBF8-41B5-BD92-160F8E0FC593}"
EndProject
Global
	GlobalSection(SolutionConfigurationPlatforms) = preSolution
		Debug|Any CPU = Debug|Any CPU
		Release|Any CPU = Release|Any CPU
	EndGlobalSection
	GlobalSection(ProjectConfigurationPlatforms) = postSolution
		{D7727898-BBF8-41B5-BD92-160F8E0FC593}.Debug|Any CPU.ActiveCfg = Debug|Any CPU
		{D7727898-BBF8-41B5-BD92-160F8E0FC593}.Debug|Any CPU.Build.0 = Debug|Any CPU
		{D7727898-BBF8-41B5-BD92-160F8E0FC593}.Release|Any CPU.ActiveCfg = Release|Any CPU
		{D7727898-BBF8-41B5-BD92-160F8E0FC593}.Release|Any CPU.Build.0 = Release|Any CPU
	EndGlobalSection
	GlobalSection(SolutionProperties) = preSolution
		HideSolutionNode = FALSE
	EndGlobalSection
	GlobalSection(ExtensibilityGlobals) = postSolution
		SolutionGuid = {F6A54B42-A843-423C-B010-D208E5AEF628}
	EndGlobalSection
EndGlobal
